<Solution>
  <Project Path="BerrDeviceSimulator/BerrDeviceSimulator.csproj" Id="d20786d2-4f25-444d-b626-706834406bb0" />
  <Project Path="BerryMonitor/berrymonitor.esproj">
    <Build />
    <Deploy />
  </Project>
  <Project Path="BerryServer/BerryServer.csproj" Id="eb93cec7-82c4-42b8-a863-19f91914de47" />
</Solution>
